{
  "version": 4,
  "terraform_version": "1.5.6",
  "serial": 2,
  "lineage": "256052a7-e048-494d-6a78-dfea6b642aa4",
  "outputs": {
    "url": {
      "value": "https://github.com/parwezaamir1/example",
      "type": "string"
    }
  },
  "resources": [
    {
      "mode": "managed",
      "type": "github_repository",
      "name": "example",
      "provider": "provider[\"registry.terraform.io/integrations/github\"]",
      "instances": [
        {
          "schema_version": 1,
          "attributes": {
            "allow_auto_merge": false,
            "allow_merge_commit": true,
            "allow_rebase_merge": true,
            "allow_squash_merge": true,
            "allow_update_branch": false,
            "archive_on_destroy": null,
            "archived": false,
            "auto_init": true,
            "default_branch": "master",
            "delete_branch_on_merge": false,
            "description": "My awesome codebase",
            "etag": "W/\"c444554efbee5a60b3eeaa8fdb326c0d18a1429ae11ae8f339b57aeccfde2522\"",
            "full_name": "parwezaamir1/example",
            "git_clone_url": "git://github.com/parwezaamir1/example.git",
            "gitignore_template": null,
            "has_discussions": false,
            "has_downloads": false,
            "has_issues": false,
            "has_projects": false,
            "has_wiki": false,
            "homepage_url": "",
            "html_url": "https://github.com/parwezaamir1/example",
            "http_clone_url": "https://github.com/parwezaamir1/example.git",
            "id": "example",
            "ignore_vulnerability_alerts_during_read": null,
            "is_template": false,
            "license_template": null,
            "merge_commit_message": "PR_TITLE",
            "merge_commit_title": "MERGE_MESSAGE",
            "name": "example",
            "node_id": "R_kgDOKPC4ww",
            "pages": [],
            "primary_language": "",
            "private": false,
            "repo_id": 686864579,
            "security_and_analysis": [
              {
                "advanced_security": [],
                "secret_scanning": [
                  {
                    "status": "disabled"
                  }
                ],
                "secret_scanning_push_protection": [
                  {
                    "status": "disabled"
                  }
                ]
              }
            ],
            "squash_merge_commit_message": "COMMIT_MESSAGES",
            "squash_merge_commit_title": "COMMIT_OR_PR_TITLE",
            "ssh_clone_url": "git@github.com:parwezaamir1/example.git",
            "svn_url": "https://github.com/parwezaamir1/example",
            "template": [],
            "topics": null,
            "visibility": "public",
            "vulnerability_alerts": false
          },
          "sensitive_attributes": [],
          "private": "eyJzY2hlbWFfdmVyc2lvbiI6IjEifQ=="
        }
      ]
    }
  ],
  "check_results": null
}
